
Microsoft Visual Studio Solution File, Format Version 12.00
# Visual Studio 15
VisualStudioVersion = 15.0.28307.2017
MinimumVisualStudioVersion = 10.0.40219.1
Project("{FAE04EC0-301F-11D3-BF4B-00C04F79EFBC}") = "LiterateChainsaw", "LiterateChainsaw\LiterateChainsaw.csproj", "{447BECC6-15E0-4D69-94E1-9389CED34E3F}"
EndProject
Project("{FAE04EC0-301F-11D3-BF4B-00C04F79EFBC}") = "ShinyEureka", "shiny-eureka\ShinyEureka\ShinyEureka.csproj", "{7A9DECD3-B593-4212-BEE6-AD2D4855D651}"
EndProject
Project("{FAE04EC0-301F-11D3-BF4B-00C04F79EFBC}") = "IdealPancake", "ideal-pancake\IdealPancake\IdealPancake.csproj", "{C37AE5BE-6062-4431-9B8D-A6BED1066030}"
EndProject
Project("{FAE04EC0-301F-11D3-BF4B-00C04F79EFBC}") = "MiniatureGuacamole", "miniature-guacamole\MiniatureGuacamole\MiniatureGuacamole.csproj", "{F3C3F69E-F569-4586-B423-E8A9A7B207EB}"
EndProject
Project("{FAE04EC0-301F-11D3-BF4B-00C04F79EFBC}") = "AnimatedDisco", "animated-disco\AnimatedDisco\AnimatedDisco.csproj", "{8714DA58-4A21-4C35-91C4-B0C2141FE65A}"
EndProject
Project("{FAE04EC0-301F-11D3-BF4B-00C04F79EFBC}") = "FuzzyFunicular", "fuzzy-funicular\FuzzyFunicular\FuzzyFunicular.csproj", "{5398FF58-684F-4CB3-81EA-1160D2EE8E1D}"
EndProject
Project("{FAE04EC0-301F-11D3-BF4B-00C04F79EFBC}") = "JungleGym", "jungle-gym\JungleGym\JungleGym.csproj", "{E2AD617F-8D5A-44CF-A2E0-E1875BA35BF6}"
EndProject
Project("{FAE04EC0-301F-11D3-BF4B-00C04F79EFBC}") = "ZephyrInnovations", "zephyr-innovations\ZephyrInnovations\ZephyrInnovations.csproj", "{638EBD98-91DB-4996-8EB2-3B5583BAFD85}"
EndProject
Global
	GlobalSection(SolutionConfigurationPlatforms) = preSolution
		Debug|Any CPU = Debug|Any CPU
		Release|Any CPU = Release|Any CPU
	EndGlobalSection
	GlobalSection(ProjectConfigurationPlatforms) = postSolution
		{447BECC6-15E0-4D69-94E1-9389CED34E3F}.Debug|Any CPU.ActiveCfg = Debug|Any CPU
		{447BECC6-15E0-4D69-94E1-9389CED34E3F}.Debug|Any CPU.Build.0 = Debug|Any CPU
		{447BECC6-15E0-4D69-94E1-9389CED34E3F}.Release|Any CPU.ActiveCfg = Release|Any CPU
		{447BECC6-15E0-4D69-94E1-9389CED34E3F}.Release|Any CPU.Build.0 = Release|Any CPU
		{7A9DECD3-B593-4212-BEE6-AD2D4855D651}.Debug|Any CPU.ActiveCfg = Debug|Any CPU
		{7A9DECD3-B593-4212-BEE6-AD2D4855D651}.Debug|Any CPU.Build.0 = Debug|Any CPU
		{7A9DECD3-B593-4212-BEE6-AD2D4855D651}.Release|Any CPU.ActiveCfg = Release|Any CPU
		{7A9DECD3-B593-4212-BEE6-AD2D4855D651}.Release|Any CPU.Build.0 = Release|Any CPU
		{C37AE5BE-6062-4431-9B8D-A6BED1066030}.Debug|Any CPU.ActiveCfg = Debug|Any CPU
		{C37AE5BE-6062-4431-9B8D-A6BED1066030}.Debug|Any CPU.Build.0 = Debug|Any CPU
		{C37AE5BE-6062-4431-9B8D-A6BED1066030}.Release|Any CPU.ActiveCfg = Release|Any CPU
		{C37AE5BE-6062-4431-9B8D-A6BED1066030}.Release|Any CPU.Build.0 = Release|Any CPU
		{F3C3F69E-F569-4586-B423-E8A9A7B207EB}.Debug|Any CPU.ActiveCfg = Debug|Any CPU
		{F3C3F69E-F569-4586-B423-E8A9A7B207EB}.Debug|Any CPU.Build.0 = Debug|Any CPU
		{F3C3F69E-F569-4586-B423-E8A9A7B207EB}.Release|Any CPU.ActiveCfg = Release|Any CPU
		{F3C3F69E-F569-4586-B423-E8A9A7B207EB}.Release|Any CPU.Build.0 = Release|Any CPU
		{8714DA58-4A21-4C35-91C4-B0C2141FE65A}.Debug|Any CPU.ActiveCfg = Debug|Any CPU
		{8714DA58-4A21-4C35-91C4-B0C2141FE65A}.Debug|Any CPU.Build.0 = Debug|Any CPU
		{8714DA58-4A21-4C35-91C4-B0C2141FE65A}.Release|Any CPU.ActiveCfg = Release|Any CPU
		{8714DA58-4A21-4C35-91C4-B0C2141FE65A}.Release|Any CPU.Build.0 = Release|Any CPU
		{5398FF58-684F-4CB3-81EA-1160D2EE8E1D}.Debug|Any CPU.ActiveCfg = Debug|Any CPU
		{5398FF58-684F-4CB3-81EA-1160D2EE8E1D}.Debug|Any CPU.Build.0 = Debug|Any CPU
		{5398FF58-684F-4CB3-81EA-1160D2EE8E1D}.Release|Any CPU.ActiveCfg = Release|Any CPU
		{5398FF58-684F-4CB3-81EA-1160D2EE8E1D}.Release|Any CPU.Build.0 = Release|Any CPU
		{E2AD617F-8D5A-44CF-A2E0-E1875BA35BF6}.Debug|Any CPU.ActiveCfg = Debug|Any CPU
		{E2AD617F-8D5A-44CF-A2E0-E1875BA35BF6}.Debug|Any CPU.Build.0 = Debug|Any CPU
		{E2AD617F-8D5A-44CF-A2E0-E1875BA35BF6}.Release|Any CPU.ActiveCfg = Release|Any CPU
		{E2AD617F-8D5A-44CF-A2E0-E1875BA35BF6}.Release|Any CPU.Build.0 = Release|Any CPU
		{638EBD98-91DB-4996-8EB2-3B5583BAFD85}.Debug|Any CPU.ActiveCfg = Debug|Any CPU
		{638EBD98-91DB-4996-8EB2-3B5583BAFD85}.Debug|Any CPU.Build.0 = Debug|Any CPU
		{638EBD98-91DB-4996-8EB2-3B5583BAFD85}.Release|Any CPU.ActiveCfg = Release|Any CPU
		{638EBD98-91DB-4996-8EB2-3B5583BAFD85}.Release|Any CPU.Build.0 = Release|Any CPU
	EndGlobalSection
	GlobalSection(SolutionProperties) = preSolution
		HideSolutionNode = FALSE
	EndGlobalSection
	GlobalSection(ExtensibilityGlobals) = postSolution
		SolutionGuid = {3F4AA9F1-B7F2-4AD9-B6C8-C79C6C137255}
	EndGlobalSection
EndGlobal
